
Microsoft Visual Studio Solution File, Format Version 12.00
# Visual Studio Version 17
VisualStudioVersion = 17.1.32414.318
MinimumVisualStudioVersion = 10.0.40219.1
Project("{FAE04EC0-301F-11D3-BF4B-00C04F79EFBC}") = "Gear_Desktop", "Gear_Desktop.csproj", "{2B10A06A-443B-4C9F-B03F-EB2F1279D73F}"
EndProject
Global
	GlobalSection(SolutionConfigurationPlatforms) = preSolution
		Debug|Any CPU = Debug|Any CPU
		Release|Any CPU = Release|Any CPU
	EndGlobalSection
	GlobalSection(ProjectConfigurationPlatforms) = postSolution
		{2B10A06A-443B-4C9F-B03F-EB2F1279D73F}.Debug|Any CPU.ActiveCfg = Debug|Any CPU
		{2B10A06A-443B-4C9F-B03F-EB2F1279D73F}.Debug|Any CPU.Build.0 = Debug|Any CPU
		{2B10A06A-443B-4C9F-B03F-EB2F1279D73F}.Release|Any CPU.ActiveCfg = Release|Any CPU
		{2B10A06A-443B-4C9F-B03F-EB2F1279D73F}.Release|Any CPU.Build.0 = Release|Any CPU
	EndGlobalSection
	GlobalSection(SolutionProperties) = preSolution
		HideSolutionNode = FALSE
	EndGlobalSection
	GlobalSection(ExtensibilityGlobals) = postSolution
		SolutionGuid = {6708E8D3-3F22-4F5E-8644-16B19000F9C7}
	EndGlobalSection
EndGlobal
